{
    "_meta": {
        "hash": {
            "sha256": "292471ade704bfae6750e4b3fd482f9b085ae7fcd8b8acabddbfc7de02b48ae7"
        },
        "pipfile-spec": 6,
        "requires": {
            "python_full_version": "3.11.5",
            "python_version": "3.11"
        },
        "sources": [
            {
                "name": "pypi",
                "url": "https://pypi.org/simple",
                "verify_ssl": true
            }
        ]
    },
    "default": {
        "lark": {
            "hashes": [
                "sha256:9e5dc5bbf93fa1840083707285262514a0ef8a6613874af7ea1cec60468d6e92",
                "sha256:be7437bf1f37ab08b355f29ff2571d77d777113d0a8c4352b0c513dced6c5a1e"
            ],
            "index": "pypi",
            "version": "==1.1.7"
        }
    },
    "develop": {}
}
